// !$*UTF8*$!
{
	archiveVersion = 1;
	classes = {
	};
	objectVersion = 46;
	objects = {

/* Begin PBXBuildFile section */
		0060D83118FD27BB00AFC7B4 /* OKSelectProcedureCell.m in Sources */ = {isa = PBXBuildFile; fileRef = 0060D83018FD27BB00AFC7B4 /* OKSelectProcedureCell.m */; };
		0060D83618FD2C1500AFC7B4 /* OKConstants.m in Sources */ = {isa = PBXBuildFile; fileRef = 0060D83318FD2C1500AFC7B4 /* OKConstants.m */; };
		0060D83718FD2C1500AFC7B4 /* OKCustomTextField.m in Sources */ = {isa = PBXBuildFile; fileRef = 0060D83518FD2C1500AFC7B4 /* OKCustomTextField.m */; };
		0060D83C18FD35D200AFC7B4 /* OKBottomTabBarView.m in Sources */ = {isa = PBXBuildFile; fileRef = 0060D83B18FD35D200AFC7B4 /* OKBottomTabBarView.m */; };
		0060D86418FD35ED00AFC7B4 /* back.png in Resources */ = {isa = PBXBuildFile; fileRef = 0060D83E18FD35ED00AFC7B4 /* back.png */; };
		0060D86518FD35ED00AFC7B4 /* back@2x.png in Resources */ = {isa = PBXBuildFile; fileRef = 0060D83F18FD35ED00AFC7B4 /* back@2x.png */; };
		0060D86618FD35ED00AFC7B4 /* bg.png in Resources */ = {isa = PBXBuildFile; fileRef = 0060D84018FD35ED00AFC7B4 /* bg.png */; };
		0060D86718FD35ED00AFC7B4 /* bg@2x.png in Resources */ = {isa = PBXBuildFile; fileRef = 0060D84118FD35ED00AFC7B4 /* bg@2x.png */; };
		0060D86818FD35EE00AFC7B4 /* bg_568.png in Resources */ = {isa = PBXBuildFile; fileRef = 0060D84218FD35ED00AFC7B4 /* bg_568.png */; };
		0060D86918FD35EE00AFC7B4 /* bg_568@2x.png in Resources */ = {isa = PBXBuildFile; fileRef = 0060D84318FD35ED00AFC7B4 /* bg_568@2x.png */; };
		0060D86A18FD35EE00AFC7B4 /* down.png in Resources */ = {isa = PBXBuildFile; fileRef = 0060D84418FD35ED00AFC7B4 /* down.png */; };
		0060D86B18FD35EE00AFC7B4 /* down@2x.png in Resources */ = {isa = PBXBuildFile; fileRef = 0060D84518FD35ED00AFC7B4 /* down@2x.png */; };
		0060D86C18FD35EE00AFC7B4 /* emailTextFieldIcon.png in Resources */ = {isa = PBXBuildFile; fileRef = 0060D84618FD35ED00AFC7B4 /* emailTextFieldIcon.png */; };
		0060D86D18FD35EE00AFC7B4 /* emailTextFieldIcon@2x.png in Resources */ = {isa = PBXBuildFile; fileRef = 0060D84718FD35ED00AFC7B4 /* emailTextFieldIcon@2x.png */; };
		0060D86E18FD35EE00AFC7B4 /* forgotPassword.png in Resources */ = {isa = PBXBuildFile; fileRef = 0060D84818FD35ED00AFC7B4 /* forgotPassword.png */; };
		0060D86F18FD35EE00AFC7B4 /* forgotPassword@2x.png in Resources */ = {isa = PBXBuildFile; fileRef = 0060D84918FD35ED00AFC7B4 /* forgotPassword@2x.png */; };
		0060D87018FD35EE00AFC7B4 /* home.png in Resources */ = {isa = PBXBuildFile; fileRef = 0060D84A18FD35ED00AFC7B4 /* home.png */; };
		0060D87118FD35EE00AFC7B4 /* home@2x.png in Resources */ = {isa = PBXBuildFile; fileRef = 0060D84B18FD35ED00AFC7B4 /* home@2x.png */; };
		0060D87218FD35EE00AFC7B4 /* info.png in Resources */ = {isa = PBXBuildFile; fileRef = 0060D84C18FD35ED00AFC7B4 /* info.png */; };
		0060D87318FD35EE00AFC7B4 /* info@2x.png in Resources */ = {isa = PBXBuildFile; fileRef = 0060D84D18FD35ED00AFC7B4 /* info@2x.png */; };
		0060D87418FD35EE00AFC7B4 /* logo.png in Resources */ = {isa = PBXBuildFile; fileRef = 0060D84E18FD35ED00AFC7B4 /* logo.png */; };
		0060D87518FD35EE00AFC7B4 /* logo@2x.png in Resources */ = {isa = PBXBuildFile; fileRef = 0060D84F18FD35ED00AFC7B4 /* logo@2x.png */; };
		0060D87618FD35EE00AFC7B4 /* logout.png in Resources */ = {isa = PBXBuildFile; fileRef = 0060D85018FD35ED00AFC7B4 /* logout.png */; };
		0060D87718FD35EE00AFC7B4 /* logout@2x.png in Resources */ = {isa = PBXBuildFile; fileRef = 0060D85118FD35ED00AFC7B4 /* logout@2x.png */; };
		0060D87818FD35EE00AFC7B4 /* MDTextFieldIcon.png in Resources */ = {isa = PBXBuildFile; fileRef = 0060D85218FD35ED00AFC7B4 /* MDTextFieldIcon.png */; };
		0060D87918FD35EE00AFC7B4 /* MDTextFieldIcon@2x.png in Resources */ = {isa = PBXBuildFile; fileRef = 0060D85318FD35ED00AFC7B4 /* MDTextFieldIcon@2x.png */; };
		0060D87A18FD35EE00AFC7B4 /* nameTextFieldIcon.png in Resources */ = {isa = PBXBuildFile; fileRef = 0060D85418FD35ED00AFC7B4 /* nameTextFieldIcon.png */; };
		0060D87B18FD35EE00AFC7B4 /* nameTextFieldIcon@2x.png in Resources */ = {isa = PBXBuildFile; fileRef = 0060D85518FD35ED00AFC7B4 /* nameTextFieldIcon@2x.png */; };
		0060D87C18FD35EE00AFC7B4 /* navbarBG.png in Resources */ = {isa = PBXBuildFile; fileRef = 0060D85618FD35ED00AFC7B4 /* navbarBG.png */; };
		0060D87D18FD35EE00AFC7B4 /* navbarBG@2x.png in Resources */ = {isa = PBXBuildFile; fileRef = 0060D85718FD35ED00AFC7B4 /* navbarBG@2x.png */; };
		0060D87E18FD35EE00AFC7B4 /* navbarBG_64.png in Resources */ = {isa = PBXBuildFile; fileRef = 0060D85818FD35ED00AFC7B4 /* navbarBG_64.png */; };
		0060D87F18FD35EE00AFC7B4 /* navbarBG_64@2x.png in Resources */ = {isa = PBXBuildFile; fileRef = 0060D85918FD35ED00AFC7B4 /* navbarBG_64@2x.png */; };
		0060D88018FD35EE00AFC7B4 /* navbarBG_color.png in Resources */ = {isa = PBXBuildFile; fileRef = 0060D85A18FD35ED00AFC7B4 /* navbarBG_color.png */; };
		0060D88118FD35EE00AFC7B4 /* navbarBG_color@2x.png in Resources */ = {isa = PBXBuildFile; fileRef = 0060D85B18FD35ED00AFC7B4 /* navbarBG_color@2x.png */; };
		0060D88218FD35EE00AFC7B4 /* passwordTextFieldIcon.png in Resources */ = {isa = PBXBuildFile; fileRef = 0060D85C18FD35ED00AFC7B4 /* passwordTextFieldIcon.png */; };
		0060D88318FD35EE00AFC7B4 /* passwordTextFieldIcon@2x.png in Resources */ = {isa = PBXBuildFile; fileRef = 0060D85D18FD35ED00AFC7B4 /* passwordTextFieldIcon@2x.png */; };
		0060D88418FD35EE00AFC7B4 /* register.png in Resources */ = {isa = PBXBuildFile; fileRef = 0060D85E18FD35ED00AFC7B4 /* register.png */; };
		0060D88518FD35EE00AFC7B4 /* register@2x.png in Resources */ = {isa = PBXBuildFile; fileRef = 0060D85F18FD35ED00AFC7B4 /* register@2x.png */; };
		0060D88618FD35EE00AFC7B4 /* settings.png in Resources */ = {isa = PBXBuildFile; fileRef = 0060D86018FD35ED00AFC7B4 /* settings.png */; };
		0060D88718FD35EE00AFC7B4 /* settings@2x.png in Resources */ = {isa = PBXBuildFile; fileRef = 0060D86118FD35ED00AFC7B4 /* settings@2x.png */; };
		0060D88818FD35EE00AFC7B4 /* tabbarBG.png in Resources */ = {isa = PBXBuildFile; fileRef = 0060D86218FD35ED00AFC7B4 /* tabbarBG.png */; };
		0060D88918FD35EE00AFC7B4 /* tabbarBG@2x.png in Resources */ = {isa = PBXBuildFile; fileRef = 0060D86318FD35ED00AFC7B4 /* tabbarBG@2x.png */; };
		0060D88D18FD443E00AFC7B4 /* OKSelectProcedureViewController.m in Sources */ = {isa = PBXBuildFile; fileRef = 0060D88C18FD443E00AFC7B4 /* OKSelectProcedureViewController.m */; };
		0060D89618FD4F4200AFC7B4 /* cellActiveBG.png in Resources */ = {isa = PBXBuildFile; fileRef = 0060D88E18FD4F4200AFC7B4 /* cellActiveBG.png */; };
		0060D89718FD4F4200AFC7B4 /* cellActiveBG@2x.png in Resources */ = {isa = PBXBuildFile; fileRef = 0060D88F18FD4F4200AFC7B4 /* cellActiveBG@2x.png */; };
		0060D89818FD4F4200AFC7B4 /* cellBG.png in Resources */ = {isa = PBXBuildFile; fileRef = 0060D89018FD4F4200AFC7B4 /* cellBG.png */; };
		0060D89918FD4F4200AFC7B4 /* cellBG@2x.png in Resources */ = {isa = PBXBuildFile; fileRef = 0060D89118FD4F4200AFC7B4 /* cellBG@2x.png */; };
		0060D89A18FD4F4200AFC7B4 /* right.png in Resources */ = {isa = PBXBuildFile; fileRef = 0060D89218FD4F4200AFC7B4 /* right.png */; };
		0060D89B18FD4F4200AFC7B4 /* right@2x.png in Resources */ = {isa = PBXBuildFile; fileRef = 0060D89318FD4F4200AFC7B4 /* right@2x.png */; };
		0060D89C18FD4F4200AFC7B4 /* rightInvalid.png in Resources */ = {isa = PBXBuildFile; fileRef = 0060D89418FD4F4200AFC7B4 /* rightInvalid.png */; };
		0060D89D18FD4F4200AFC7B4 /* rightInvalid@2x.png in Resources */ = {isa = PBXBuildFile; fileRef = 0060D89518FD4F4200AFC7B4 /* rightInvalid@2x.png */; };
		0060D8A118FD59B800AFC7B4 /* OKBaseModel.m in Sources */ = {isa = PBXBuildFile; fileRef = 0060D8A018FD59B800AFC7B4 /* OKBaseModel.m */; };
		0060D8A418FD5AA500AFC7B4 /* OKUserModel.m in Sources */ = {isa = PBXBuildFile; fileRef = 0060D8A318FD5AA500AFC7B4 /* OKUserModel.m */; };
		007A0C9818F53AAA00D183F1 /* OKRegistrationViewController.m in Sources */ = {isa = PBXBuildFile; fileRef = 007A0C9718F53AAA00D183F1 /* OKRegistrationViewController.m */; };
		007A0CA218F54A1E00D183F1 /* OKHomeScreenViewController.m in Sources */ = {isa = PBXBuildFile; fileRef = 007A0CA118F54A1E00D183F1 /* OKHomeScreenViewController.m */; };
		00BEAB1C18F697D300E0C6B2 /* OKBaseViewController.m in Sources */ = {isa = PBXBuildFile; fileRef = 00BEAB1B18F697D300E0C6B2 /* OKBaseViewController.m */; };
		00CD5FD918FE7C9700334A24 /* OKContactManager.m in Sources */ = {isa = PBXBuildFile; fileRef = 00CD5FD818FE7C9700334A24 /* OKContactManager.m */; };
		18061C8218F7EBA6005197F9 /* OKApiClient.m in Sources */ = {isa = PBXBuildFile; fileRef = 18061C8118F7EBA6005197F9 /* OKApiClient.m */; };
		185F828B1900015400C5566A /* OKNationalDataViewController.m in Sources */ = {isa = PBXBuildFile; fileRef = 185F828A1900015400C5566A /* OKNationalDataViewController.m */; };
		185F828E1900017F00C5566A /* OKNationalDataTableViewCell.m in Sources */ = {isa = PBXBuildFile; fileRef = 185F828D1900017F00C5566A /* OKNationalDataTableViewCell.m */; };
		1881B08218FD6BB800F61CE8 /* OKProceduresManager.m in Sources */ = {isa = PBXBuildFile; fileRef = 1881B08118FD6BB800F61CE8 /* OKProceduresManager.m */; };
		1881B08518FDC77500F61CE8 /* OKProcedureModel.m in Sources */ = {isa = PBXBuildFile; fileRef = 1881B08418FDC77500F61CE8 /* OKProcedureModel.m */; };
		42586C056B4A4A96881CF205 /* libPods-OpKnowte.a in Frameworks */ = {isa = PBXBuildFile; fileRef = 03A79ACA12C742CCBF9A4418 /* libPods-OpKnowte.a */; };
		E10023DE18F529E9008421D4 /* Foundation.framework in Frameworks */ = {isa = PBXBuildFile; fileRef = E10023DD18F529E9008421D4 /* Foundation.framework */; };
		E10023E018F529E9008421D4 /* CoreGraphics.framework in Frameworks */ = {isa = PBXBuildFile; fileRef = E10023DF18F529E9008421D4 /* CoreGraphics.framework */; };
		E10023E218F529E9008421D4 /* UIKit.framework in Frameworks */ = {isa = PBXBuildFile; fileRef = E10023E118F529E9008421D4 /* UIKit.framework */; };
		E10023E818F529E9008421D4 /* InfoPlist.strings in Resources */ = {isa = PBXBuildFile; fileRef = E10023E618F529E9008421D4 /* InfoPlist.strings */; };
		E10023EA18F529E9008421D4 /* main.m in Sources */ = {isa = PBXBuildFile; fileRef = E10023E918F529E9008421D4 /* main.m */; };
		E10023EE18F529E9008421D4 /* OKAppDelegate.m in Sources */ = {isa = PBXBuildFile; fileRef = E10023ED18F529E9008421D4 /* OKAppDelegate.m */; };
		E10023F118F529E9008421D4 /* Main_iPhone.storyboard in Resources */ = {isa = PBXBuildFile; fileRef = E10023EF18F529E9008421D4 /* Main_iPhone.storyboard */; };
		E10023F418F529E9008421D4 /* Main_iPad.storyboard in Resources */ = {isa = PBXBuildFile; fileRef = E10023F218F529E9008421D4 /* Main_iPad.storyboard */; };
		E10023F718F529E9008421D4 /* OKViewController.m in Sources */ = {isa = PBXBuildFile; fileRef = E10023F618F529E9008421D4 /* OKViewController.m */; };
		E10023F918F529E9008421D4 /* Images.xcassets in Resources */ = {isa = PBXBuildFile; fileRef = E10023F818F529E9008421D4 /* Images.xcassets */; };
		E100240018F529E9008421D4 /* XCTest.framework in Frameworks */ = {isa = PBXBuildFile; fileRef = E10023FF18F529E9008421D4 /* XCTest.framework */; };
		E100240118F529E9008421D4 /* Foundation.framework in Frameworks */ = {isa = PBXBuildFile; fileRef = E10023DD18F529E9008421D4 /* Foundation.framework */; };
		E100240218F529E9008421D4 /* UIKit.framework in Frameworks */ = {isa = PBXBuildFile; fileRef = E10023E118F529E9008421D4 /* UIKit.framework */; };
		E100240A18F529E9008421D4 /* InfoPlist.strings in Resources */ = {isa = PBXBuildFile; fileRef = E100240818F529E9008421D4 /* InfoPlist.strings */; };
		E100240C18F529E9008421D4 /* OpKnowteTests.m in Sources */ = {isa = PBXBuildFile; fileRef = E100240B18F529E9008421D4 /* OpKnowteTests.m */; };
		E106A53818F8626100BA4E35 /* OKBaseManager.m in Sources */ = {isa = PBXBuildFile; fileRef = E106A53718F8626100BA4E35 /* OKBaseManager.m */; };
		E106A53C18F8652500BA4E35 /* OKUserManager.m in Sources */ = {isa = PBXBuildFile; fileRef = E106A53B18F8652500BA4E35 /* OKUserManager.m */; };
/* End PBXBuildFile section */

/* Begin PBXContainerItemProxy section */
		E100240318F529E9008421D4 /* PBXContainerItemProxy */ = {
			isa = PBXContainerItemProxy;
			containerPortal = E10023D218F529E9008421D4 /* Project object */;
			proxyType = 1;
			remoteGlobalIDString = E10023D918F529E9008421D4;
			remoteInfo = OpKnowte;
		};
/* End PBXContainerItemProxy section */

/* Begin PBXFileReference section */
		0060D82F18FD27BB00AFC7B4 /* OKSelectProcedureCell.h */ = {isa = PBXFileReference; fileEncoding = 4; lastKnownFileType = sourcecode.c.h; path = OKSelectProcedureCell.h; sourceTree = "<group>"; };
		0060D83018FD27BB00AFC7B4 /* OKSelectProcedureCell.m */ = {isa = PBXFileReference; fileEncoding = 4; lastKnownFileType = sourcecode.c.objc; path = OKSelectProcedureCell.m; sourceTree = "<group>"; };
		0060D83218FD2C1500AFC7B4 /* OKConstants.h */ = {isa = PBXFileReference; fileEncoding = 4; lastKnownFileType = sourcecode.c.h; path = OKConstants.h; sourceTree = "<group>"; };
		0060D83318FD2C1500AFC7B4 /* OKConstants.m */ = {isa = PBXFileReference; fileEncoding = 4; lastKnownFileType = sourcecode.c.objc; path = OKConstants.m; sourceTree = "<group>"; };
		0060D83418FD2C1500AFC7B4 /* OKCustomTextField.h */ = {isa = PBXFileReference; fileEncoding = 4; lastKnownFileType = sourcecode.c.h; path = OKCustomTextField.h; sourceTree = "<group>"; };
		0060D83518FD2C1500AFC7B4 /* OKCustomTextField.m */ = {isa = PBXFileReference; fileEncoding = 4; lastKnownFileType = sourcecode.c.objc; path = OKCustomTextField.m; sourceTree = "<group>"; };
		0060D83A18FD35D200AFC7B4 /* OKBottomTabBarView.h */ = {isa = PBXFileReference; fileEncoding = 4; lastKnownFileType = sourcecode.c.h; path = OKBottomTabBarView.h; sourceTree = "<group>"; };
		0060D83B18FD35D200AFC7B4 /* OKBottomTabBarView.m */ = {isa = PBXFileReference; fileEncoding = 4; lastKnownFileType = sourcecode.c.objc; path = OKBottomTabBarView.m; sourceTree = "<group>"; };
		0060D83E18FD35ED00AFC7B4 /* back.png */ = {isa = PBXFileReference; lastKnownFileType = image.png; path = back.png; sourceTree = "<group>"; };
		0060D83F18FD35ED00AFC7B4 /* back@2x.png */ = {isa = PBXFileReference; lastKnownFileType = image.png; path = "back@2x.png"; sourceTree = "<group>"; };
		0060D84018FD35ED00AFC7B4 /* bg.png */ = {isa = PBXFileReference; lastKnownFileType = image.png; path = bg.png; sourceTree = "<group>"; };
		0060D84118FD35ED00AFC7B4 /* bg@2x.png */ = {isa = PBXFileReference; lastKnownFileType = image.png; path = "bg@2x.png"; sourceTree = "<group>"; };
		0060D84218FD35ED00AFC7B4 /* bg_568.png */ = {isa = PBXFileReference; lastKnownFileType = image.png; path = bg_568.png; sourceTree = "<group>"; };
		0060D84318FD35ED00AFC7B4 /* bg_568@2x.png */ = {isa = PBXFileReference; lastKnownFileType = image.png; path = "bg_568@2x.png"; sourceTree = "<group>"; };
		0060D84418FD35ED00AFC7B4 /* down.png */ = {isa = PBXFileReference; lastKnownFileType = image.png; path = down.png; sourceTree = "<group>"; };
		0060D84518FD35ED00AFC7B4 /* down@2x.png */ = {isa = PBXFileReference; lastKnownFileType = image.png; path = "down@2x.png"; sourceTree = "<group>"; };
		0060D84618FD35ED00AFC7B4 /* emailTextFieldIcon.png */ = {isa = PBXFileReference; lastKnownFileType = image.png; path = emailTextFieldIcon.png; sourceTree = "<group>"; };
		0060D84718FD35ED00AFC7B4 /* emailTextFieldIcon@2x.png */ = {isa = PBXFileReference; lastKnownFileType = image.png; path = "emailTextFieldIcon@2x.png"; sourceTree = "<group>"; };
		0060D84818FD35ED00AFC7B4 /* forgotPassword.png */ = {isa = PBXFileReference; lastKnownFileType = image.png; path = forgotPassword.png; sourceTree = "<group>"; };
		0060D84918FD35ED00AFC7B4 /* forgotPassword@2x.png */ = {isa = PBXFileReference; lastKnownFileType = image.png; path = "forgotPassword@2x.png"; sourceTree = "<group>"; };
		0060D84A18FD35ED00AFC7B4 /* home.png */ = {isa = PBXFileReference; lastKnownFileType = image.png; path = home.png; sourceTree = "<group>"; };
		0060D84B18FD35ED00AFC7B4 /* home@2x.png */ = {isa = PBXFileReference; lastKnownFileType = image.png; path = "home@2x.png"; sourceTree = "<group>"; };
		0060D84C18FD35ED00AFC7B4 /* info.png */ = {isa = PBXFileReference; lastKnownFileType = image.png; path = info.png; sourceTree = "<group>"; };
		0060D84D18FD35ED00AFC7B4 /* info@2x.png */ = {isa = PBXFileReference; lastKnownFileType = image.png; path = "info@2x.png"; sourceTree = "<group>"; };
		0060D84E18FD35ED00AFC7B4 /* logo.png */ = {isa = PBXFileReference; lastKnownFileType = image.png; path = logo.png; sourceTree = "<group>"; };
		0060D84F18FD35ED00AFC7B4 /* logo@2x.png */ = {isa = PBXFileReference; lastKnownFileType = image.png; path = "logo@2x.png"; sourceTree = "<group>"; };
		0060D85018FD35ED00AFC7B4 /* logout.png */ = {isa = PBXFileReference; lastKnownFileType = image.png; path = logout.png; sourceTree = "<group>"; };
		0060D85118FD35ED00AFC7B4 /* logout@2x.png */ = {isa = PBXFileReference; lastKnownFileType = image.png; path = "logout@2x.png"; sourceTree = "<group>"; };
		0060D85218FD35ED00AFC7B4 /* MDTextFieldIcon.png */ = {isa = PBXFileReference; lastKnownFileType = image.png; path = MDTextFieldIcon.png; sourceTree = "<group>"; };
		0060D85318FD35ED00AFC7B4 /* MDTextFieldIcon@2x.png */ = {isa = PBXFileReference; lastKnownFileType = image.png; path = "MDTextFieldIcon@2x.png"; sourceTree = "<group>"; };
		0060D85418FD35ED00AFC7B4 /* nameTextFieldIcon.png */ = {isa = PBXFileReference; lastKnownFileType = image.png; path = nameTextFieldIcon.png; sourceTree = "<group>"; };
		0060D85518FD35ED00AFC7B4 /* nameTextFieldIcon@2x.png */ = {isa = PBXFileReference; lastKnownFileType = image.png; path = "nameTextFieldIcon@2x.png"; sourceTree = "<group>"; };
		0060D85618FD35ED00AFC7B4 /* navbarBG.png */ = {isa = PBXFileReference; lastKnownFileType = image.png; path = navbarBG.png; sourceTree = "<group>"; };
		0060D85718FD35ED00AFC7B4 /* navbarBG@2x.png */ = {isa = PBXFileReference; lastKnownFileType = image.png; path = "navbarBG@2x.png"; sourceTree = "<group>"; };
		0060D85818FD35ED00AFC7B4 /* navbarBG_64.png */ = {isa = PBXFileReference; lastKnownFileType = image.png; path = navbarBG_64.png; sourceTree = "<group>"; };
		0060D85918FD35ED00AFC7B4 /* navbarBG_64@2x.png */ = {isa = PBXFileReference; lastKnownFileType = image.png; path = "navbarBG_64@2x.png"; sourceTree = "<group>"; };
		0060D85A18FD35ED00AFC7B4 /* navbarBG_color.png */ = {isa = PBXFileReference; lastKnownFileType = image.png; path = navbarBG_color.png; sourceTree = "<group>"; };
		0060D85B18FD35ED00AFC7B4 /* navbarBG_color@2x.png */ = {isa = PBXFileReference; lastKnownFileType = image.png; path = "navbarBG_color@2x.png"; sourceTree = "<group>"; };
		0060D85C18FD35ED00AFC7B4 /* passwordTextFieldIcon.png */ = {isa = PBXFileReference; lastKnownFileType = image.png; path = passwordTextFieldIcon.png; sourceTree = "<group>"; };
		0060D85D18FD35ED00AFC7B4 /* passwordTextFieldIcon@2x.png */ = {isa = PBXFileReference; lastKnownFileType = image.png; path = "passwordTextFieldIcon@2x.png"; sourceTree = "<group>"; };
		0060D85E18FD35ED00AFC7B4 /* register.png */ = {isa = PBXFileReference; lastKnownFileType = image.png; path = register.png; sourceTree = "<group>"; };
		0060D85F18FD35ED00AFC7B4 /* register@2x.png */ = {isa = PBXFileReference; lastKnownFileType = image.png; path = "register@2x.png"; sourceTree = "<group>"; };
		0060D86018FD35ED00AFC7B4 /* settings.png */ = {isa = PBXFileReference; lastKnownFileType = image.png; path = settings.png; sourceTree = "<group>"; };
		0060D86118FD35ED00AFC7B4 /* settings@2x.png */ = {isa = PBXFileReference; lastKnownFileType = image.png; path = "settings@2x.png"; sourceTree = "<group>"; };
		0060D86218FD35ED00AFC7B4 /* tabbarBG.png */ = {isa = PBXFileReference; lastKnownFileType = image.png; path = tabbarBG.png; sourceTree = "<group>"; };
		0060D86318FD35ED00AFC7B4 /* tabbarBG@2x.png */ = {isa = PBXFileReference; lastKnownFileType = image.png; path = "tabbarBG@2x.png"; sourceTree = "<group>"; };
		0060D88B18FD443E00AFC7B4 /* OKSelectProcedureViewController.h */ = {isa = PBXFileReference; fileEncoding = 4; lastKnownFileType = sourcecode.c.h; path = OKSelectProcedureViewController.h; sourceTree = "<group>"; };
		0060D88C18FD443E00AFC7B4 /* OKSelectProcedureViewController.m */ = {isa = PBXFileReference; fileEncoding = 4; lastKnownFileType = sourcecode.c.objc; path = OKSelectProcedureViewController.m; sourceTree = "<group>"; };
		0060D88E18FD4F4200AFC7B4 /* cellActiveBG.png */ = {isa = PBXFileReference; lastKnownFileType = image.png; name = cellActiveBG.png; path = ../cellActiveBG.png; sourceTree = "<group>"; };
		0060D88F18FD4F4200AFC7B4 /* cellActiveBG@2x.png */ = {isa = PBXFileReference; lastKnownFileType = image.png; name = "cellActiveBG@2x.png"; path = "../cellActiveBG@2x.png"; sourceTree = "<group>"; };
		0060D89018FD4F4200AFC7B4 /* cellBG.png */ = {isa = PBXFileReference; lastKnownFileType = image.png; name = cellBG.png; path = ../cellBG.png; sourceTree = "<group>"; };
		0060D89118FD4F4200AFC7B4 /* cellBG@2x.png */ = {isa = PBXFileReference; lastKnownFileType = image.png; name = "cellBG@2x.png"; path = "../cellBG@2x.png"; sourceTree = "<group>"; };
		0060D89218FD4F4200AFC7B4 /* right.png */ = {isa = PBXFileReference; lastKnownFileType = image.png; name = right.png; path = ../right.png; sourceTree = "<group>"; };
		0060D89318FD4F4200AFC7B4 /* right@2x.png */ = {isa = PBXFileReference; lastKnownFileType = image.png; name = "right@2x.png"; path = "../right@2x.png"; sourceTree = "<group>"; };
		0060D89418FD4F4200AFC7B4 /* rightInvalid.png */ = {isa = PBXFileReference; lastKnownFileType = image.png; name = rightInvalid.png; path = ../rightInvalid.png; sourceTree = "<group>"; };
		0060D89518FD4F4200AFC7B4 /* rightInvalid@2x.png */ = {isa = PBXFileReference; lastKnownFileType = image.png; name = "rightInvalid@2x.png"; path = "../rightInvalid@2x.png"; sourceTree = "<group>"; };
		0060D89F18FD59B800AFC7B4 /* OKBaseModel.h */ = {isa = PBXFileReference; fileEncoding = 4; lastKnownFileType = sourcecode.c.h; path = OKBaseModel.h; sourceTree = "<group>"; };
		0060D8A018FD59B800AFC7B4 /* OKBaseModel.m */ = {isa = PBXFileReference; fileEncoding = 4; lastKnownFileType = sourcecode.c.objc; path = OKBaseModel.m; sourceTree = "<group>"; };
		0060D8A218FD5AA500AFC7B4 /* OKUserModel.h */ = {isa = PBXFileReference; fileEncoding = 4; lastKnownFileType = sourcecode.c.h; path = OKUserModel.h; sourceTree = "<group>"; };
		0060D8A318FD5AA500AFC7B4 /* OKUserModel.m */ = {isa = PBXFileReference; fileEncoding = 4; lastKnownFileType = sourcecode.c.objc; path = OKUserModel.m; sourceTree = "<group>"; };
		007A0C9618F53AAA00D183F1 /* OKRegistrationViewController.h */ = {isa = PBXFileReference; fileEncoding = 4; lastKnownFileType = sourcecode.c.h; path = OKRegistrationViewController.h; sourceTree = "<group>"; };
		007A0C9718F53AAA00D183F1 /* OKRegistrationViewController.m */ = {isa = PBXFileReference; fileEncoding = 4; lastKnownFileType = sourcecode.c.objc; path = OKRegistrationViewController.m; sourceTree = "<group>"; };
		007A0CA018F54A1E00D183F1 /* OKHomeScreenViewController.h */ = {isa = PBXFileReference; fileEncoding = 4; lastKnownFileType = sourcecode.c.h; path = OKHomeScreenViewController.h; sourceTree = "<group>"; };
		007A0CA118F54A1E00D183F1 /* OKHomeScreenViewController.m */ = {isa = PBXFileReference; fileEncoding = 4; lastKnownFileType = sourcecode.c.objc; path = OKHomeScreenViewController.m; sourceTree = "<group>"; };
		00BEAB1A18F697D300E0C6B2 /* OKBaseViewController.h */ = {isa = PBXFileReference; fileEncoding = 4; lastKnownFileType = sourcecode.c.h; path = OKBaseViewController.h; sourceTree = "<group>"; };
		00BEAB1B18F697D300E0C6B2 /* OKBaseViewController.m */ = {isa = PBXFileReference; fileEncoding = 4; lastKnownFileType = sourcecode.c.objc; path = OKBaseViewController.m; sourceTree = "<group>"; };
		00CD5FD718FE7C9700334A24 /* OKContactManager.h */ = {isa = PBXFileReference; fileEncoding = 4; lastKnownFileType = sourcecode.c.h; path = OKContactManager.h; sourceTree = "<group>"; };
		00CD5FD818FE7C9700334A24 /* OKContactManager.m */ = {isa = PBXFileReference; fileEncoding = 4; lastKnownFileType = sourcecode.c.objc; path = OKContactManager.m; sourceTree = "<group>"; };
		03A79ACA12C742CCBF9A4418 /* libPods-OpKnowte.a */ = {isa = PBXFileReference; explicitFileType = archive.ar; includeInIndex = 0; path = "libPods-OpKnowte.a"; sourceTree = BUILT_PRODUCTS_DIR; };
		18061C8018F7EBA6005197F9 /* OKApiClient.h */ = {isa = PBXFileReference; fileEncoding = 4; lastKnownFileType = sourcecode.c.h; path = OKApiClient.h; sourceTree = "<group>"; };
		18061C8118F7EBA6005197F9 /* OKApiClient.m */ = {isa = PBXFileReference; fileEncoding = 4; lastKnownFileType = sourcecode.c.objc; path = OKApiClient.m; sourceTree = "<group>"; };
		185F82891900015400C5566A /* OKNationalDataViewController.h */ = {isa = PBXFileReference; fileEncoding = 4; lastKnownFileType = sourcecode.c.h; path = OKNationalDataViewController.h; sourceTree = "<group>"; };
		185F828A1900015400C5566A /* OKNationalDataViewController.m */ = {isa = PBXFileReference; fileEncoding = 4; lastKnownFileType = sourcecode.c.objc; path = OKNationalDataViewController.m; sourceTree = "<group>"; };
		185F828C1900017F00C5566A /* OKNationalDataTableViewCell.h */ = {isa = PBXFileReference; fileEncoding = 4; lastKnownFileType = sourcecode.c.h; path = OKNationalDataTableViewCell.h; sourceTree = "<group>"; };
		185F828D1900017F00C5566A /* OKNationalDataTableViewCell.m */ = {isa = PBXFileReference; fileEncoding = 4; lastKnownFileType = sourcecode.c.objc; path = OKNationalDataTableViewCell.m; sourceTree = "<group>"; };
		1881B08018FD6BB800F61CE8 /* OKProceduresManager.h */ = {isa = PBXFileReference; fileEncoding = 4; lastKnownFileType = sourcecode.c.h; path = OKProceduresManager.h; sourceTree = "<group>"; };
		1881B08118FD6BB800F61CE8 /* OKProceduresManager.m */ = {isa = PBXFileReference; fileEncoding = 4; lastKnownFileType = sourcecode.c.objc; path = OKProceduresManager.m; sourceTree = "<group>"; };
		1881B08318FDC77500F61CE8 /* OKProcedureModel.h */ = {isa = PBXFileReference; fileEncoding = 4; lastKnownFileType = sourcecode.c.h; path = OKProcedureModel.h; sourceTree = "<group>"; };
		1881B08418FDC77500F61CE8 /* OKProcedureModel.m */ = {isa = PBXFileReference; fileEncoding = 4; lastKnownFileType = sourcecode.c.objc; path = OKProcedureModel.m; sourceTree = "<group>"; };
		1D45806E665745168EA24A1F /* Pods-OpKnowte.xcconfig */ = {isa = PBXFileReference; includeInIndex = 1; lastKnownFileType = text.xcconfig; name = "Pods-OpKnowte.xcconfig"; path = "Pods/Pods-OpKnowte.xcconfig"; sourceTree = "<group>"; };
		E10023DA18F529E9008421D4 /* OpKnowte.app */ = {isa = PBXFileReference; explicitFileType = wrapper.application; includeInIndex = 0; path = OpKnowte.app; sourceTree = BUILT_PRODUCTS_DIR; };
		E10023DD18F529E9008421D4 /* Foundation.framework */ = {isa = PBXFileReference; lastKnownFileType = wrapper.framework; name = Foundation.framework; path = System/Library/Frameworks/Foundation.framework; sourceTree = SDKROOT; };
		E10023DF18F529E9008421D4 /* CoreGraphics.framework */ = {isa = PBXFileReference; lastKnownFileType = wrapper.framework; name = CoreGraphics.framework; path = System/Library/Frameworks/CoreGraphics.framework; sourceTree = SDKROOT; };
		E10023E118F529E9008421D4 /* UIKit.framework */ = {isa = PBXFileReference; lastKnownFileType = wrapper.framework; name = UIKit.framework; path = System/Library/Frameworks/UIKit.framework; sourceTree = SDKROOT; };
		E10023E518F529E9008421D4 /* OpKnowte-Info.plist */ = {isa = PBXFileReference; lastKnownFileType = text.plist.xml; path = "OpKnowte-Info.plist"; sourceTree = "<group>"; };
		E10023E718F529E9008421D4 /* en */ = {isa = PBXFileReference; lastKnownFileType = text.plist.strings; name = en; path = en.lproj/InfoPlist.strings; sourceTree = "<group>"; };
		E10023E918F529E9008421D4 /* main.m */ = {isa = PBXFileReference; lastKnownFileType = sourcecode.c.objc; path = main.m; sourceTree = "<group>"; };
		E10023EB18F529E9008421D4 /* OpKnowte-Prefix.pch */ = {isa = PBXFileReference; lastKnownFileType = sourcecode.c.h; path = "OpKnowte-Prefix.pch"; sourceTree = "<group>"; };
		E10023EC18F529E9008421D4 /* OKAppDelegate.h */ = {isa = PBXFileReference; lastKnownFileType = sourcecode.c.h; path = OKAppDelegate.h; sourceTree = "<group>"; };
		E10023ED18F529E9008421D4 /* OKAppDelegate.m */ = {isa = PBXFileReference; lastKnownFileType = sourcecode.c.objc; path = OKAppDelegate.m; sourceTree = "<group>"; };
		E10023F018F529E9008421D4 /* Base */ = {isa = PBXFileReference; lastKnownFileType = file.storyboard; name = Base; path = Base.lproj/Main_iPhone.storyboard; sourceTree = "<group>"; };
		E10023F318F529E9008421D4 /* Base */ = {isa = PBXFileReference; lastKnownFileType = file.storyboard; name = Base; path = Base.lproj/Main_iPad.storyboard; sourceTree = "<group>"; };
		E10023F518F529E9008421D4 /* OKViewController.h */ = {isa = PBXFileReference; lastKnownFileType = sourcecode.c.h; path = OKViewController.h; sourceTree = "<group>"; };
		E10023F618F529E9008421D4 /* OKViewController.m */ = {isa = PBXFileReference; lastKnownFileType = sourcecode.c.objc; path = OKViewController.m; sourceTree = "<group>"; };
		E10023F818F529E9008421D4 /* Images.xcassets */ = {isa = PBXFileReference; lastKnownFileType = folder.assetcatalog; path = Images.xcassets; sourceTree = "<group>"; };
		E10023FE18F529E9008421D4 /* OpKnowteTests.xctest */ = {isa = PBXFileReference; explicitFileType = wrapper.cfbundle; includeInIndex = 0; path = OpKnowteTests.xctest; sourceTree = BUILT_PRODUCTS_DIR; };
		E10023FF18F529E9008421D4 /* XCTest.framework */ = {isa = PBXFileReference; lastKnownFileType = wrapper.framework; name = XCTest.framework; path = Library/Frameworks/XCTest.framework; sourceTree = DEVELOPER_DIR; };
		E100240718F529E9008421D4 /* OpKnowteTests-Info.plist */ = {isa = PBXFileReference; lastKnownFileType = text.plist.xml; path = "OpKnowteTests-Info.plist"; sourceTree = "<group>"; };
		E100240918F529E9008421D4 /* en */ = {isa = PBXFileReference; lastKnownFileType = text.plist.strings; name = en; path = en.lproj/InfoPlist.strings; sourceTree = "<group>"; };
		E100240B18F529E9008421D4 /* OpKnowteTests.m */ = {isa = PBXFileReference; lastKnownFileType = sourcecode.c.objc; path = OpKnowteTests.m; sourceTree = "<group>"; };
		E106A53618F8626100BA4E35 /* OKBaseManager.h */ = {isa = PBXFileReference; fileEncoding = 4; lastKnownFileType = sourcecode.c.h; name = OKBaseManager.h; path = Managers/OKBaseManager.h; sourceTree = "<group>"; };
		E106A53718F8626100BA4E35 /* OKBaseManager.m */ = {isa = PBXFileReference; fileEncoding = 4; lastKnownFileType = sourcecode.c.objc; name = OKBaseManager.m; path = Managers/OKBaseManager.m; sourceTree = "<group>"; };
		E106A53A18F8652500BA4E35 /* OKUserManager.h */ = {isa = PBXFileReference; fileEncoding = 4; lastKnownFileType = sourcecode.c.h; name = OKUserManager.h; path = Managers/OKUserManager.h; sourceTree = "<group>"; };
		E106A53B18F8652500BA4E35 /* OKUserManager.m */ = {isa = PBXFileReference; fileEncoding = 4; lastKnownFileType = sourcecode.c.objc; name = OKUserManager.m; path = Managers/OKUserManager.m; sourceTree = "<group>"; };
/* End PBXFileReference section */

/* Begin PBXFrameworksBuildPhase section */
		E10023D718F529E9008421D4 /* Frameworks */ = {
			isa = PBXFrameworksBuildPhase;
			buildActionMask = 2147483647;
			files = (
				E10023E018F529E9008421D4 /* CoreGraphics.framework in Frameworks */,
				E10023E218F529E9008421D4 /* UIKit.framework in Frameworks */,
				E10023DE18F529E9008421D4 /* Foundation.framework in Frameworks */,
				42586C056B4A4A96881CF205 /* libPods-OpKnowte.a in Frameworks */,
			);
			runOnlyForDeploymentPostprocessing = 0;
		};
		E10023FB18F529E9008421D4 /* Frameworks */ = {
			isa = PBXFrameworksBuildPhase;
			buildActionMask = 2147483647;
			files = (
				E100240018F529E9008421D4 /* XCTest.framework in Frameworks */,
				E100240218F529E9008421D4 /* UIKit.framework in Frameworks */,
				E100240118F529E9008421D4 /* Foundation.framework in Frameworks */,
			);
			runOnlyForDeploymentPostprocessing = 0;
		};
/* End PBXFrameworksBuildPhase section */

/* Begin PBXGroup section */
		0060D83918FD2C2D00AFC7B4 /* Custom Classes */ = {
			isa = PBXGroup;
			children = (
				0060D83A18FD35D200AFC7B4 /* OKBottomTabBarView.h */,
				0060D83B18FD35D200AFC7B4 /* OKBottomTabBarView.m */,
				0060D83218FD2C1500AFC7B4 /* OKConstants.h */,
				0060D83318FD2C1500AFC7B4 /* OKConstants.m */,
				0060D83418FD2C1500AFC7B4 /* OKCustomTextField.h */,
				0060D83518FD2C1500AFC7B4 /* OKCustomTextField.m */,
			);
			name = "Custom Classes";
			sourceTree = "<group>";
		};
		0060D83D18FD35ED00AFC7B4 /* images */ = {
			isa = PBXGroup;
			children = (
				0060D88E18FD4F4200AFC7B4 /* cellActiveBG.png */,
				0060D88F18FD4F4200AFC7B4 /* cellActiveBG@2x.png */,
				0060D89018FD4F4200AFC7B4 /* cellBG.png */,
				0060D89118FD4F4200AFC7B4 /* cellBG@2x.png */,
				0060D89218FD4F4200AFC7B4 /* right.png */,
				0060D89318FD4F4200AFC7B4 /* right@2x.png */,
				0060D89418FD4F4200AFC7B4 /* rightInvalid.png */,
				0060D89518FD4F4200AFC7B4 /* rightInvalid@2x.png */,
				0060D83E18FD35ED00AFC7B4 /* back.png */,
				0060D83F18FD35ED00AFC7B4 /* back@2x.png */,
				0060D84018FD35ED00AFC7B4 /* bg.png */,
				0060D84118FD35ED00AFC7B4 /* bg@2x.png */,
				0060D84218FD35ED00AFC7B4 /* bg_568.png */,
				0060D84318FD35ED00AFC7B4 /* bg_568@2x.png */,
				0060D84418FD35ED00AFC7B4 /* down.png */,
				0060D84518FD35ED00AFC7B4 /* down@2x.png */,
				0060D84618FD35ED00AFC7B4 /* emailTextFieldIcon.png */,
				0060D84718FD35ED00AFC7B4 /* emailTextFieldIcon@2x.png */,
				0060D84818FD35ED00AFC7B4 /* forgotPassword.png */,
				0060D84918FD35ED00AFC7B4 /* forgotPassword@2x.png */,
				0060D84A18FD35ED00AFC7B4 /* home.png */,
				0060D84B18FD35ED00AFC7B4 /* home@2x.png */,
				0060D84C18FD35ED00AFC7B4 /* info.png */,
				0060D84D18FD35ED00AFC7B4 /* info@2x.png */,
				0060D84E18FD35ED00AFC7B4 /* logo.png */,
				0060D84F18FD35ED00AFC7B4 /* logo@2x.png */,
				0060D85018FD35ED00AFC7B4 /* logout.png */,
				0060D85118FD35ED00AFC7B4 /* logout@2x.png */,
				0060D85218FD35ED00AFC7B4 /* MDTextFieldIcon.png */,
				0060D85318FD35ED00AFC7B4 /* MDTextFieldIcon@2x.png */,
				0060D85418FD35ED00AFC7B4 /* nameTextFieldIcon.png */,
				0060D85518FD35ED00AFC7B4 /* nameTextFieldIcon@2x.png */,
				0060D85618FD35ED00AFC7B4 /* navbarBG.png */,
				0060D85718FD35ED00AFC7B4 /* navbarBG@2x.png */,
				0060D85818FD35ED00AFC7B4 /* navbarBG_64.png */,
				0060D85918FD35ED00AFC7B4 /* navbarBG_64@2x.png */,
				0060D85A18FD35ED00AFC7B4 /* navbarBG_color.png */,
				0060D85B18FD35ED00AFC7B4 /* navbarBG_color@2x.png */,
				0060D85C18FD35ED00AFC7B4 /* passwordTextFieldIcon.png */,
				0060D85D18FD35ED00AFC7B4 /* passwordTextFieldIcon@2x.png */,
				0060D85E18FD35ED00AFC7B4 /* register.png */,
				0060D85F18FD35ED00AFC7B4 /* register@2x.png */,
				0060D86018FD35ED00AFC7B4 /* settings.png */,
				0060D86118FD35ED00AFC7B4 /* settings@2x.png */,
				0060D86218FD35ED00AFC7B4 /* tabbarBG.png */,
				0060D86318FD35ED00AFC7B4 /* tabbarBG@2x.png */,
			);
			path = images;
			sourceTree = "<group>";
		};
		0060D88A18FD39CF00AFC7B4 /* SelectProcedure */ = {
			isa = PBXGroup;
			children = (
				0060D82F18FD27BB00AFC7B4 /* OKSelectProcedureCell.h */,
				0060D83018FD27BB00AFC7B4 /* OKSelectProcedureCell.m */,
				0060D88B18FD443E00AFC7B4 /* OKSelectProcedureViewController.h */,
				0060D88C18FD443E00AFC7B4 /* OKSelectProcedureViewController.m */,
			);
			name = SelectProcedure;
			sourceTree = "<group>";
		};
		0060D89E18FD599900AFC7B4 /* Models */ = {
			isa = PBXGroup;
			children = (
				0060D89F18FD59B800AFC7B4 /* OKBaseModel.h */,
				0060D8A018FD59B800AFC7B4 /* OKBaseModel.m */,
				0060D8A218FD5AA500AFC7B4 /* OKUserModel.h */,
				0060D8A318FD5AA500AFC7B4 /* OKUserModel.m */,
				1881B08318FDC77500F61CE8 /* OKProcedureModel.h */,
				1881B08418FDC77500F61CE8 /* OKProcedureModel.m */,
			);
			name = Models;
			sourceTree = "<group>";
		};
		007A0C9918F53AB100D183F1 /* ViewControllers */ = {
			isa = PBXGroup;
			children = (
				007A0C9618F53AAA00D183F1 /* OKRegistrationViewController.h */,
				007A0C9718F53AAA00D183F1 /* OKRegistrationViewController.m */,
				E10023F518F529E9008421D4 /* OKViewController.h */,
				E10023F618F529E9008421D4 /* OKViewController.m */,
				007A0CA018F54A1E00D183F1 /* OKHomeScreenViewController.h */,
				007A0CA118F54A1E00D183F1 /* OKHomeScreenViewController.m */,
				00BEAB1A18F697D300E0C6B2 /* OKBaseViewController.h */,
				00BEAB1B18F697D300E0C6B2 /* OKBaseViewController.m */,
				185F82881900012700C5566A /* National Performance Data */,
				0060D88A18FD39CF00AFC7B4 /* SelectProcedure */,
			);
			name = ViewControllers;
			sourceTree = "<group>";
		};
		00BEAB1118F67DCE00E0C6B2 /* Resources */ = {
			isa = PBXGroup;
			children = (
				0060D83D18FD35ED00AFC7B4 /* images */,
			);
			name = Resources;
			sourceTree = "<group>";
		};
		185F82881900012700C5566A /* National Performance Data */ = {
			isa = PBXGroup;
			children = (
				185F82891900015400C5566A /* OKNationalDataViewController.h */,
				185F828A1900015400C5566A /* OKNationalDataViewController.m */,
				185F828C1900017F00C5566A /* OKNationalDataTableViewCell.h */,
				185F828D1900017F00C5566A /* OKNationalDataTableViewCell.m */,
			);
			name = "National Performance Data";
			sourceTree = "<group>";
		};
		E10023D118F529E9008421D4 = {
			isa = PBXGroup;
			children = (
				E10023E318F529E9008421D4 /* OpKnowte */,
				E100240518F529E9008421D4 /* OpKnowteTests */,
				E10023DC18F529E9008421D4 /* Frameworks */,
				E10023DB18F529E9008421D4 /* Products */,
				1D45806E665745168EA24A1F /* Pods-OpKnowte.xcconfig */,
			);
			sourceTree = "<group>";
		};
		E10023DB18F529E9008421D4 /* Products */ = {
			isa = PBXGroup;
			children = (
				E10023DA18F529E9008421D4 /* OpKnowte.app */,
				E10023FE18F529E9008421D4 /* OpKnowteTests.xctest */,
			);
			name = Products;
			sourceTree = "<group>";
		};
		E10023DC18F529E9008421D4 /* Frameworks */ = {
			isa = PBXGroup;
			children = (
				E10023DD18F529E9008421D4 /* Foundation.framework */,
				E10023DF18F529E9008421D4 /* CoreGraphics.framework */,
				E10023E118F529E9008421D4 /* UIKit.framework */,
				E10023FF18F529E9008421D4 /* XCTest.framework */,
				03A79ACA12C742CCBF9A4418 /* libPods-OpKnowte.a */,
			);
			name = Frameworks;
			sourceTree = "<group>";
		};
		E10023E318F529E9008421D4 /* OpKnowte */ = {
			isa = PBXGroup;
			children = (
				E10023EC18F529E9008421D4 /* OKAppDelegate.h */,
				E10023ED18F529E9008421D4 /* OKAppDelegate.m */,
				E10023EF18F529E9008421D4 /* Main_iPhone.storyboard */,
				E10023F218F529E9008421D4 /* Main_iPad.storyboard */,
				0060D89E18FD599900AFC7B4 /* Models */,
				0060D83918FD2C2D00AFC7B4 /* Custom Classes */,
				E106A53918F8626700BA4E35 /* Network */,
				E106A53D18F8652B00BA4E35 /* Managers */,
				007A0C9918F53AB100D183F1 /* ViewControllers */,
				E10023F818F529E9008421D4 /* Images.xcassets */,
				00BEAB1118F67DCE00E0C6B2 /* Resources */,
				E10023E418F529E9008421D4 /* Supporting Files */,
			);
			path = OpKnowte;
			sourceTree = "<group>";
		};
		E10023E418F529E9008421D4 /* Supporting Files */ = {
			isa = PBXGroup;
			children = (
				E10023E518F529E9008421D4 /* OpKnowte-Info.plist */,
				E10023E618F529E9008421D4 /* InfoPlist.strings */,
				E10023E918F529E9008421D4 /* main.m */,
				E10023EB18F529E9008421D4 /* OpKnowte-Prefix.pch */,
			);
			name = "Supporting Files";
			sourceTree = "<group>";
		};
		E100240518F529E9008421D4 /* OpKnowteTests */ = {
			isa = PBXGroup;
			children = (
				E100240B18F529E9008421D4 /* OpKnowteTests.m */,
				E100240618F529E9008421D4 /* Supporting Files */,
			);
			path = OpKnowteTests;
			sourceTree = "<group>";
		};
		E100240618F529E9008421D4 /* Supporting Files */ = {
			isa = PBXGroup;
			children = (
				E100240718F529E9008421D4 /* OpKnowteTests-Info.plist */,
				E100240818F529E9008421D4 /* InfoPlist.strings */,
			);
			name = "Supporting Files";
			sourceTree = "<group>";
		};
		E106A53918F8626700BA4E35 /* Network */ = {
			isa = PBXGroup;
			children = (
				18061C8018F7EBA6005197F9 /* OKApiClient.h */,
				18061C8118F7EBA6005197F9 /* OKApiClient.m */,
			);
			name = Network;
			sourceTree = "<group>";
		};
		E106A53D18F8652B00BA4E35 /* Managers */ = {
			isa = PBXGroup;
			children = (
				E106A53618F8626100BA4E35 /* OKBaseManager.h */,
				E106A53718F8626100BA4E35 /* OKBaseManager.m */,
				E106A53A18F8652500BA4E35 /* OKUserManager.h */,
				E106A53B18F8652500BA4E35 /* OKUserManager.m */,
				00CD5FD718FE7C9700334A24 /* OKContactManager.h */,
				00CD5FD818FE7C9700334A24 /* OKContactManager.m */,
				1881B08018FD6BB800F61CE8 /* OKProceduresManager.h */,
				1881B08118FD6BB800F61CE8 /* OKProceduresManager.m */,
			);
			name = Managers;
			sourceTree = "<group>";
		};
/* End PBXGroup section */

/* Begin PBXNativeTarget section */
		E10023D918F529E9008421D4 /* OpKnowte */ = {
			isa = PBXNativeTarget;
			buildConfigurationList = E100240F18F529E9008421D4 /* Build configuration list for PBXNativeTarget "OpKnowte" */;
			buildPhases = (
				3C92A5A71AC74393A19CE520 /* Check Pods Manifest.lock */,
				E10023D618F529E9008421D4 /* Sources */,
				E10023D718F529E9008421D4 /* Frameworks */,
				E10023D818F529E9008421D4 /* Resources */,
				ABF52BEB5293467BBEBE6BC9 /* Copy Pods Resources */,
			);
			buildRules = (
			);
			dependencies = (
			);
			name = OpKnowte;
			productName = OpKnowte;
			productReference = E10023DA18F529E9008421D4 /* OpKnowte.app */;
			productType = "com.apple.product-type.application";
		};
		E10023FD18F529E9008421D4 /* OpKnowteTests */ = {
			isa = PBXNativeTarget;
			buildConfigurationList = E100241218F529E9008421D4 /* Build configuration list for PBXNativeTarget "OpKnowteTests" */;
			buildPhases = (
				E10023FA18F529E9008421D4 /* Sources */,
				E10023FB18F529E9008421D4 /* Frameworks */,
				E10023FC18F529E9008421D4 /* Resources */,
			);
			buildRules = (
			);
			dependencies = (
				E100240418F529E9008421D4 /* PBXTargetDependency */,
			);
			name = OpKnowteTests;
			productName = OpKnowteTests;
			productReference = E10023FE18F529E9008421D4 /* OpKnowteTests.xctest */;
			productType = "com.apple.product-type.bundle.unit-test";
		};
/* End PBXNativeTarget section */

/* Begin PBXProject section */
		E10023D218F529E9008421D4 /* Project object */ = {
			isa = PBXProject;
			attributes = {
				CLASSPREFIX = OK;
				LastUpgradeCheck = 0510;
				ORGANIZATIONNAME = "OpKnowte Corp.";
				TargetAttributes = {
					E10023FD18F529E9008421D4 = {
						TestTargetID = E10023D918F529E9008421D4;
					};
				};
			};
			buildConfigurationList = E10023D518F529E9008421D4 /* Build configuration list for PBXProject "OpKnowte" */;
			compatibilityVersion = "Xcode 3.2";
			developmentRegion = English;
			hasScannedForEncodings = 0;
			knownRegions = (
				en,
				Base,
			);
			mainGroup = E10023D118F529E9008421D4;
			productRefGroup = E10023DB18F529E9008421D4 /* Products */;
			projectDirPath = "";
			projectRoot = "";
			targets = (
				E10023D918F529E9008421D4 /* OpKnowte */,
				E10023FD18F529E9008421D4 /* OpKnowteTests */,
			);
		};
/* End PBXProject section */

/* Begin PBXResourcesBuildPhase section */
		E10023D818F529E9008421D4 /* Resources */ = {
			isa = PBXResourcesBuildPhase;
			buildActionMask = 2147483647;
			files = (
				E10023F418F529E9008421D4 /* Main_iPad.storyboard in Resources */,
				0060D87618FD35EE00AFC7B4 /* logout.png in Resources */,
				0060D87518FD35EE00AFC7B4 /* logo@2x.png in Resources */,
				0060D89818FD4F4200AFC7B4 /* cellBG.png in Resources */,
				0060D87A18FD35EE00AFC7B4 /* nameTextFieldIcon.png in Resources */,
				0060D87B18FD35EE00AFC7B4 /* nameTextFieldIcon@2x.png in Resources */,
				0060D88718FD35EE00AFC7B4 /* settings@2x.png in Resources */,
				0060D86818FD35EE00AFC7B4 /* bg_568.png in Resources */,
				0060D88218FD35EE00AFC7B4 /* passwordTextFieldIcon.png in Resources */,
				0060D86418FD35ED00AFC7B4 /* back.png in Resources */,
				0060D86C18FD35EE00AFC7B4 /* emailTextFieldIcon.png in Resources */,
				0060D86918FD35EE00AFC7B4 /* bg_568@2x.png in Resources */,
				E10023F918F529E9008421D4 /* Images.xcassets in Resources */,
				0060D88018FD35EE00AFC7B4 /* navbarBG_color.png in Resources */,
				0060D87018FD35EE00AFC7B4 /* home.png in Resources */,
				0060D87E18FD35EE00AFC7B4 /* navbarBG_64.png in Resources */,
				0060D88318FD35EE00AFC7B4 /* passwordTextFieldIcon@2x.png in Resources */,
				0060D88818FD35EE00AFC7B4 /* tabbarBG.png in Resources */,
				0060D88518FD35EE00AFC7B4 /* register@2x.png in Resources */,
				0060D86F18FD35EE00AFC7B4 /* forgotPassword@2x.png in Resources */,
				0060D88418FD35EE00AFC7B4 /* register.png in Resources */,
				0060D86A18FD35EE00AFC7B4 /* down.png in Resources */,
				0060D88118FD35EE00AFC7B4 /* navbarBG_color@2x.png in Resources */,
				0060D89B18FD4F4200AFC7B4 /* right@2x.png in Resources */,
				0060D86E18FD35EE00AFC7B4 /* forgotPassword.png in Resources */,
				0060D88918FD35EE00AFC7B4 /* tabbarBG@2x.png in Resources */,
				E10023F118F529E9008421D4 /* Main_iPhone.storyboard in Resources */,
				0060D87418FD35EE00AFC7B4 /* logo.png in Resources */,
				0060D86D18FD35EE00AFC7B4 /* emailTextFieldIcon@2x.png in Resources */,
				0060D87318FD35EE00AFC7B4 /* info@2x.png in Resources */,
				0060D87218FD35EE00AFC7B4 /* info.png in Resources */,
				0060D86618FD35ED00AFC7B4 /* bg.png in Resources */,
				0060D86B18FD35EE00AFC7B4 /* down@2x.png in Resources */,
				0060D87818FD35EE00AFC7B4 /* MDTextFieldIcon.png in Resources */,
				E10023E818F529E9008421D4 /* InfoPlist.strings in Resources */,
				0060D89A18FD4F4200AFC7B4 /* right.png in Resources */,
				0060D89718FD4F4200AFC7B4 /* cellActiveBG@2x.png in Resources */,
				0060D87718FD35EE00AFC7B4 /* logout@2x.png in Resources */,
				0060D86518FD35ED00AFC7B4 /* back@2x.png in Resources */,
				0060D87D18FD35EE00AFC7B4 /* navbarBG@2x.png in Resources */,
				0060D87F18FD35EE00AFC7B4 /* navbarBG_64@2x.png in Resources */,
				0060D89618FD4F4200AFC7B4 /* cellActiveBG.png in Resources */,
				0060D89C18FD4F4200AFC7B4 /* rightInvalid.png in Resources */,
				0060D87C18FD35EE00AFC7B4 /* navbarBG.png in Resources */,
				0060D86718FD35ED00AFC7B4 /* bg@2x.png in Resources */,
				0060D89D18FD4F4200AFC7B4 /* rightInvalid@2x.png in Resources */,
				0060D88618FD35EE00AFC7B4 /* settings.png in Resources */,
				0060D89918FD4F4200AFC7B4 /* cellBG@2x.png in Resources */,
				0060D87918FD35EE00AFC7B4 /* MDTextFieldIcon@2x.png in Resources */,
				0060D87118FD35EE00AFC7B4 /* home@2x.png in Resources */,
			);
			runOnlyForDeploymentPostprocessing = 0;
		};
		E10023FC18F529E9008421D4 /* Resources */ = {
			isa = PBXResourcesBuildPhase;
			buildActionMask = 2147483647;
			files = (
				E100240A18F529E9008421D4 /* InfoPlist.strings in Resources */,
			);
			runOnlyForDeploymentPostprocessing = 0;
		};
/* End PBXResourcesBuildPhase section */

/* Begin PBXShellScriptBuildPhase section */
		3C92A5A71AC74393A19CE520 /* Check Pods Manifest.lock */ = {
			isa = PBXShellScriptBuildPhase;
			buildActionMask = 2147483647;
			files = (
			);
			inputPaths = (
			);
			name = "Check Pods Manifest.lock";
			outputPaths = (
			);
			runOnlyForDeploymentPostprocessing = 0;
			shellPath = /bin/sh;
			shellScript = "diff \"${PODS_ROOT}/../Podfile.lock\" \"${PODS_ROOT}/Manifest.lock\" > /dev/null\nif [[ $? != 0 ]] ; then\n    cat << EOM\nerror: The sandbox is not in sync with the Podfile.lock. Run 'pod install' or update your CocoaPods installation.\nEOM\n    exit 1\nfi\n";
			showEnvVarsInLog = 0;
		};
		ABF52BEB5293467BBEBE6BC9 /* Copy Pods Resources */ = {
			isa = PBXShellScriptBuildPhase;
			buildActionMask = 2147483647;
			files = (
			);
			inputPaths = (
			);
			name = "Copy Pods Resources";
			outputPaths = (
			);
			runOnlyForDeploymentPostprocessing = 0;
			shellPath = /bin/sh;
			shellScript = "\"${SRCROOT}/Pods/Pods-OpKnowte-resources.sh\"\n";
			showEnvVarsInLog = 0;
		};
/* End PBXShellScriptBuildPhase section */

/* Begin PBXSourcesBuildPhase section */
		E10023D618F529E9008421D4 /* Sources */ = {
			isa = PBXSourcesBuildPhase;
			buildActionMask = 2147483647;
			files = (
				E106A53818F8626100BA4E35 /* OKBaseManager.m in Sources */,
				1881B08218FD6BB800F61CE8 /* OKProceduresManager.m in Sources */,
				185F828E1900017F00C5566A /* OKNationalDataTableViewCell.m in Sources */,
				0060D83118FD27BB00AFC7B4 /* OKSelectProcedureCell.m in Sources */,
				00CD5FD918FE7C9700334A24 /* OKContactManager.m in Sources */,
				0060D8A418FD5AA500AFC7B4 /* OKUserModel.m in Sources */,
				0060D88D18FD443E00AFC7B4 /* OKSelectProcedureViewController.m in Sources */,
				E10023EE18F529E9008421D4 /* OKAppDelegate.m in Sources */,
				007A0C9818F53AAA00D183F1 /* OKRegistrationViewController.m in Sources */,
				0060D8A118FD59B800AFC7B4 /* OKBaseModel.m in Sources */,
				18061C8218F7EBA6005197F9 /* OKApiClient.m in Sources */,
				0060D83C18FD35D200AFC7B4 /* OKBottomTabBarView.m in Sources */,
				0060D83618FD2C1500AFC7B4 /* OKConstants.m in Sources */,
				E10023EA18F529E9008421D4 /* main.m in Sources */,
				0060D83718FD2C1500AFC7B4 /* OKCustomTextField.m in Sources */,
				007A0CA218F54A1E00D183F1 /* OKHomeScreenViewController.m in Sources */,
				E106A53C18F8652500BA4E35 /* OKUserManager.m in Sources */,
				E10023F718F529E9008421D4 /* OKViewController.m in Sources */,
				00BEAB1C18F697D300E0C6B2 /* OKBaseViewController.m in Sources */,
				185F828B1900015400C5566A /* OKNationalDataViewController.m in Sources */,
				1881B08518FDC77500F61CE8 /* OKProcedureModel.m in Sources */,
			);
			runOnlyForDeploymentPostprocessing = 0;
		};
		E10023FA18F529E9008421D4 /* Sources */ = {
			isa = PBXSourcesBuildPhase;
			buildActionMask = 2147483647;
			files = (
				E100240C18F529E9008421D4 /* OpKnowteTests.m in Sources */,
			);
			runOnlyForDeploymentPostprocessing = 0;
		};
/* End PBXSourcesBuildPhase section */

/* Begin PBXTargetDependency section */
		E100240418F529E9008421D4 /* PBXTargetDependency */ = {
			isa = PBXTargetDependency;
			target = E10023D918F529E9008421D4 /* OpKnowte */;
			targetProxy = E100240318F529E9008421D4 /* PBXContainerItemProxy */;
		};
/* End PBXTargetDependency section */

/* Begin PBXVariantGroup section */
		E10023E618F529E9008421D4 /* InfoPlist.strings */ = {
			isa = PBXVariantGroup;
			children = (
				E10023E718F529E9008421D4 /* en */,
			);
			name = InfoPlist.strings;
			sourceTree = "<group>";
		};
		E10023EF18F529E9008421D4 /* Main_iPhone.storyboard */ = {
			isa = PBXVariantGroup;
			children = (
				E10023F018F529E9008421D4 /* Base */,
			);
			name = Main_iPhone.storyboard;
			sourceTree = "<group>";
		};
		E10023F218F529E9008421D4 /* Main_iPad.storyboard */ = {
			isa = PBXVariantGroup;
			children = (
				E10023F318F529E9008421D4 /* Base */,
			);
			name = Main_iPad.storyboard;
			sourceTree = "<group>";
		};
		E100240818F529E9008421D4 /* InfoPlist.strings */ = {
			isa = PBXVariantGroup;
			children = (
				E100240918F529E9008421D4 /* en */,
			);
			name = InfoPlist.strings;
			sourceTree = "<group>";
		};
/* End PBXVariantGroup section */

/* Begin XCBuildConfiguration section */
		E100240D18F529E9008421D4 /* Debug */ = {
			isa = XCBuildConfiguration;
			buildSettings = {
				ALWAYS_SEARCH_USER_PATHS = NO;
				CLANG_CXX_LANGUAGE_STANDARD = "gnu++0x";
				CLANG_CXX_LIBRARY = "libc++";
				CLANG_ENABLE_MODULES = YES;
				CLANG_ENABLE_OBJC_ARC = YES;
				CLANG_WARN_BOOL_CONVERSION = YES;
				CLANG_WARN_CONSTANT_CONVERSION = YES;
				CLANG_WARN_DIRECT_OBJC_ISA_USAGE = YES_ERROR;
				CLANG_WARN_EMPTY_BODY = YES;
				CLANG_WARN_ENUM_CONVERSION = YES;
				CLANG_WARN_INT_CONVERSION = YES;
				CLANG_WARN_OBJC_ROOT_CLASS = YES_ERROR;
				CLANG_WARN__DUPLICATE_METHOD_MATCH = YES;
				CODE_SIGN_IDENTITY = "iPhone Distribution: My Mobile Fans LLC (K2CH5YJPD3)";
				"CODE_SIGN_IDENTITY[sdk=iphoneos*]" = "iPhone Distribution: My Mobile Fans LLC (K2CH5YJPD3)";
				COPY_PHASE_STRIP = NO;
				GCC_C_LANGUAGE_STANDARD = gnu99;
				GCC_DYNAMIC_NO_PIC = NO;
				GCC_OPTIMIZATION_LEVEL = 0;
				GCC_PREPROCESSOR_DEFINITIONS = (
					"DEBUG=1",
					"$(inherited)",
				);
				GCC_SYMBOLS_PRIVATE_EXTERN = NO;
				GCC_WARN_64_TO_32_BIT_CONVERSION = YES;
				GCC_WARN_ABOUT_RETURN_TYPE = YES_ERROR;
				GCC_WARN_UNDECLARED_SELECTOR = YES;
				GCC_WARN_UNINITIALIZED_AUTOS = YES_AGGRESSIVE;
				GCC_WARN_UNUSED_FUNCTION = YES;
				GCC_WARN_UNUSED_VARIABLE = YES;
				IPHONEOS_DEPLOYMENT_TARGET = 7.1;
				ONLY_ACTIVE_ARCH = YES;
				PROVISIONING_PROFILE = "83723125-9A5C-4D91-9151-51CB257217F1";
				SDKROOT = iphoneos;
				TARGETED_DEVICE_FAMILY = "1,2";
			};
			name = Debug;
		};
		E100240E18F529E9008421D4 /* Release */ = {
			isa = XCBuildConfiguration;
			buildSettings = {
				ALWAYS_SEARCH_USER_PATHS = NO;
				CLANG_CXX_LANGUAGE_STANDARD = "gnu++0x";
				CLANG_CXX_LIBRARY = "libc++";
				CLANG_ENABLE_MODULES = YES;
				CLANG_ENABLE_OBJC_ARC = YES;
				CLANG_WARN_BOOL_CONVERSION = YES;
				CLANG_WARN_CONSTANT_CONVERSION = YES;
				CLANG_WARN_DIRECT_OBJC_ISA_USAGE = YES_ERROR;
				CLANG_WARN_EMPTY_BODY = YES;
				CLANG_WARN_ENUM_CONVERSION = YES;
				CLANG_WARN_INT_CONVERSION = YES;
				CLANG_WARN_OBJC_ROOT_CLASS = YES_ERROR;
				CLANG_WARN__DUPLICATE_METHOD_MATCH = YES;
				CODE_SIGN_IDENTITY = "iPhone Distribution: My Mobile Fans LLC (K2CH5YJPD3)";
				"CODE_SIGN_IDENTITY[sdk=iphoneos*]" = "iPhone Distribution: My Mobile Fans LLC (K2CH5YJPD3)";
				COPY_PHASE_STRIP = YES;
				ENABLE_NS_ASSERTIONS = NO;
				GCC_C_LANGUAGE_STANDARD = gnu99;
				GCC_WARN_64_TO_32_BIT_CONVERSION = YES;
				GCC_WARN_ABOUT_RETURN_TYPE = YES_ERROR;
				GCC_WARN_UNDECLARED_SELECTOR = YES;
				GCC_WARN_UNINITIALIZED_AUTOS = YES_AGGRESSIVE;
				GCC_WARN_UNUSED_FUNCTION = YES;
				GCC_WARN_UNUSED_VARIABLE = YES;
				IPHONEOS_DEPLOYMENT_TARGET = 7.1;
				PROVISIONING_PROFILE = "83723125-9A5C-4D91-9151-51CB257217F1";
				SDKROOT = iphoneos;
				TARGETED_DEVICE_FAMILY = "1,2";
				VALIDATE_PRODUCT = YES;
			};
			name = Release;
		};
		E100241018F529E9008421D4 /* Debug */ = {
			isa = XCBuildConfiguration;
			baseConfigurationReference = 1D45806E665745168EA24A1F /* Pods-OpKnowte.xcconfig */;
			buildSettings = {
				ASSETCATALOG_COMPILER_APPICON_NAME = AppIcon;
				ASSETCATALOG_COMPILER_LAUNCHIMAGE_NAME = LaunchImage;
				CODE_SIGN_IDENTITY = "iPhone Distribution: My Mobile Fans LLC (K2CH5YJPD3)";
				GCC_PRECOMPILE_PREFIX_HEADER = YES;
				GCC_PREFIX_HEADER = "OpKnowte/OpKnowte-Prefix.pch";
				INFOPLIST_FILE = "OpKnowte/OpKnowte-Info.plist";
				IPHONEOS_DEPLOYMENT_TARGET = 6.0;
				PRODUCT_NAME = "$(TARGET_NAME)";
				PROVISIONING_PROFILE = "83723125-9A5C-4D91-9151-51CB257217F1";
				WRAPPER_EXTENSION = app;
			};
			name = Debug;
		};
		E100241118F529E9008421D4 /* Release */ = {
			isa = XCBuildConfiguration;
			baseConfigurationReference = 1D45806E665745168EA24A1F /* Pods-OpKnowte.xcconfig */;
			buildSettings = {
				ASSETCATALOG_COMPILER_APPICON_NAME = AppIcon;
				ASSETCATALOG_COMPILER_LAUNCHIMAGE_NAME = LaunchImage;
				CODE_SIGN_IDENTITY = "iPhone Distribution: My Mobile Fans LLC (K2CH5YJPD3)";
				GCC_PRECOMPILE_PREFIX_HEADER = YES;
				GCC_PREFIX_HEADER = "OpKnowte/OpKnowte-Prefix.pch";
				INFOPLIST_FILE = "OpKnowte/OpKnowte-Info.plist";
				IPHONEOS_DEPLOYMENT_TARGET = 6.0;
				PRODUCT_NAME = "$(TARGET_NAME)";
				PROVISIONING_PROFILE = "83723125-9A5C-4D91-9151-51CB257217F1";
				WRAPPER_EXTENSION = app;
			};
			name = Release;
		};
		E100241318F529E9008421D4 /* Debug */ = {
			isa = XCBuildConfiguration;
			buildSettings = {
				BUNDLE_LOADER = "$(BUILT_PRODUCTS_DIR)/OpKnowte.app/OpKnowte";
				FRAMEWORK_SEARCH_PATHS = (
					"$(SDKROOT)/Developer/Library/Frameworks",
					"$(inherited)",
					"$(DEVELOPER_FRAMEWORKS_DIR)",
				);
				GCC_PRECOMPILE_PREFIX_HEADER = YES;
				GCC_PREFIX_HEADER = "OpKnowte/OpKnowte-Prefix.pch";
				GCC_PREPROCESSOR_DEFINITIONS = (
					"DEBUG=1",
					"$(inherited)",
				);
				INFOPLIST_FILE = "OpKnowteTests/OpKnowteTests-Info.plist";
				IPHONEOS_DEPLOYMENT_TARGET = 7.0;
				PRODUCT_NAME = "$(TARGET_NAME)";
				TEST_HOST = "$(BUNDLE_LOADER)";
				WRAPPER_EXTENSION = xctest;
			};
			name = Debug;
		};
		E100241418F529E9008421D4 /* Release */ = {
			isa = XCBuildConfiguration;
			buildSettings = {
				BUNDLE_LOADER = "$(BUILT_PRODUCTS_DIR)/OpKnowte.app/OpKnowte";
				FRAMEWORK_SEARCH_PATHS = (
					"$(SDKROOT)/Developer/Library/Frameworks",
					"$(inherited)",
					"$(DEVELOPER_FRAMEWORKS_DIR)",
				);
				GCC_PRECOMPILE_PREFIX_HEADER = YES;
				GCC_PREFIX_HEADER = "OpKnowte/OpKnowte-Prefix.pch";
				INFOPLIST_FILE = "OpKnowteTests/OpKnowteTests-Info.plist";
				IPHONEOS_DEPLOYMENT_TARGET = 7.0;
				PRODUCT_NAME = "$(TARGET_NAME)";
				TEST_HOST = "$(BUNDLE_LOADER)";
				WRAPPER_EXTENSION = xctest;
			};
			name = Release;
		};
/* End XCBuildConfiguration section */

/* Begin XCConfigurationList section */
		E10023D518F529E9008421D4 /* Build configuration list for PBXProject "OpKnowte" */ = {
			isa = XCConfigurationList;
			buildConfigurations = (
				E100240D18F529E9008421D4 /* Debug */,
				E100240E18F529E9008421D4 /* Release */,
			);
			defaultConfigurationIsVisible = 0;
			defaultConfigurationName = Release;
		};
		E100240F18F529E9008421D4 /* Build configuration list for PBXNativeTarget "OpKnowte" */ = {
			isa = XCConfigurationList;
			buildConfigurations = (
				E100241018F529E9008421D4 /* Debug */,
				E100241118F529E9008421D4 /* Release */,
			);
			defaultConfigurationIsVisible = 0;
			defaultConfigurationName = Release;
		};
		E100241218F529E9008421D4 /* Build configuration list for PBXNativeTarget "OpKnowteTests" */ = {
			isa = XCConfigurationList;
			buildConfigurations = (
				E100241318F529E9008421D4 /* Debug */,
				E100241418F529E9008421D4 /* Release */,
			);
			defaultConfigurationIsVisible = 0;
			defaultConfigurationName = Release;
		};
/* End XCConfigurationList section */
	};
	rootObject = E10023D218F529E9008421D4 /* Project object */;
}
